
Microsoft Visual Studio Solution File, Format Version 12.00
# Visual Studio Version 17
VisualStudioVersion = 17.0.31903.59
MinimumVisualStudioVersion = 10.0.40219.1
Project("{2150E333-8FDC-42A3-9474-1A3956D46DE8}") = "src", "src", "{E0EA94BC-6F59-425F-AA05-47D77EA553D8}"
EndProject
Project("{2150E333-8FDC-42A3-9474-1A3956D46DE8}") = "Domain", "Domain", "{1132552D-C4C7-44C0-9796-7019053EF732}"
EndProject
Project("{FAE04EC0-301F-11D3-BF4B-00C04F79EFBC}") = "Domain", "src\Domain\Domain.csproj", "{3B117B56-176E-4987-BACC-6FD0055B4DDA}"
EndProject
Project("{2150E333-8FDC-42A3-9474-1A3956D46DE8}") = "Application", "Application", "{CA856A55-D8E8-46F2-BEFE-BC62AAEFEEDC}"
EndProject
Project("{FAE04EC0-301F-11D3-BF4B-00C04F79EFBC}") = "Application", "src\Application\Application.csproj", "{DEEBE6B8-C21B-47EC-8694-B06AFF0D1F0E}"
EndProject
Project("{2150E333-8FDC-42A3-9474-1A3956D46DE8}") = "Infrastructure", "Infrastructure", "{AE91B611-8B57-498A-9BBE-4EA7BE4A643E}"
EndProject
Project("{FAE04EC0-301F-11D3-BF4B-00C04F79EFBC}") = "Infrastructure", "src\Infrastructure\Infrastructure.csproj", "{ADC97003-6A51-4D9B-9425-6E2C40764EE6}"
EndProject
Project("{2150E333-8FDC-42A3-9474-1A3956D46DE8}") = "API", "API", "{D25E74A3-CE84-46D3-9144-D41776BED0D4}"
EndProject
Project("{FAE04EC0-301F-11D3-BF4B-00C04F79EFBC}") = "API", "src\API\API.csproj", "{A4FB8E22-B30E-40A6-9F06-D59E60FD0787}"
EndProject
Project("{2150E333-8FDC-42A3-9474-1A3956D46DE8}") = "tests", "tests", "{EC21E850-A2E8-4933-8907-6417DE78241A}"
EndProject
Project("{FAE04EC0-301F-11D3-BF4B-00C04F79EFBC}") = "Domain.Tests", "tests\Domain.Tests\Domain.Tests.csproj", "{45929170-A25D-4945-B2F4-57F9E4909EB1}"
EndProject
Project("{FAE04EC0-301F-11D3-BF4B-00C04F79EFBC}") = "Integration.Tests", "tests\Integration.Tests\Integration.Tests.csproj", "{444CA197-FAC0-4989-A020-04C2CC4635EB}"
EndProject
Global
	GlobalSection(SolutionConfigurationPlatforms) = preSolution
		Debug|Any CPU = Debug|Any CPU
		Release|Any CPU = Release|Any CPU
	EndGlobalSection
	GlobalSection(SolutionProperties) = preSolution
		HideSolutionNode = FALSE
	EndGlobalSection
	GlobalSection(ProjectConfigurationPlatforms) = postSolution
		{3B117B56-176E-4987-BACC-6FD0055B4DDA}.Debug|Any CPU.ActiveCfg = Debug|Any CPU
		{3B117B56-176E-4987-BACC-6FD0055B4DDA}.Debug|Any CPU.Build.0 = Debug|Any CPU
		{3B117B56-176E-4987-BACC-6FD0055B4DDA}.Release|Any CPU.ActiveCfg = Release|Any CPU
		{3B117B56-176E-4987-BACC-6FD0055B4DDA}.Release|Any CPU.Build.0 = Release|Any CPU
		{DEEBE6B8-C21B-47EC-8694-B06AFF0D1F0E}.Debug|Any CPU.ActiveCfg = Debug|Any CPU
		{DEEBE6B8-C21B-47EC-8694-B06AFF0D1F0E}.Debug|Any CPU.Build.0 = Debug|Any CPU
		{DEEBE6B8-C21B-47EC-8694-B06AFF0D1F0E}.Release|Any CPU.ActiveCfg = Release|Any CPU
		{DEEBE6B8-C21B-47EC-8694-B06AFF0D1F0E}.Release|Any CPU.Build.0 = Release|Any CPU
		{ADC97003-6A51-4D9B-9425-6E2C40764EE6}.Debug|Any CPU.ActiveCfg = Debug|Any CPU
		{ADC97003-6A51-4D9B-9425-6E2C40764EE6}.Debug|Any CPU.Build.0 = Debug|Any CPU
		{ADC97003-6A51-4D9B-9425-6E2C40764EE6}.Release|Any CPU.ActiveCfg = Release|Any CPU
		{ADC97003-6A51-4D9B-9425-6E2C40764EE6}.Release|Any CPU.Build.0 = Release|Any CPU
		{A4FB8E22-B30E-40A6-9F06-D59E60FD0787}.Debug|Any CPU.ActiveCfg = Debug|Any CPU
		{A4FB8E22-B30E-40A6-9F06-D59E60FD0787}.Debug|Any CPU.Build.0 = Debug|Any CPU
		{A4FB8E22-B30E-40A6-9F06-D59E60FD0787}.Release|Any CPU.ActiveCfg = Release|Any CPU
		{A4FB8E22-B30E-40A6-9F06-D59E60FD0787}.Release|Any CPU.Build.0 = Release|Any CPU
		{45929170-A25D-4945-B2F4-57F9E4909EB1}.Debug|Any CPU.ActiveCfg = Debug|Any CPU
		{45929170-A25D-4945-B2F4-57F9E4909EB1}.Debug|Any CPU.Build.0 = Debug|Any CPU
		{45929170-A25D-4945-B2F4-57F9E4909EB1}.Release|Any CPU.ActiveCfg = Release|Any CPU
		{45929170-A25D-4945-B2F4-57F9E4909EB1}.Release|Any CPU.Build.0 = Release|Any CPU
		{444CA197-FAC0-4989-A020-04C2CC4635EB}.Debug|Any CPU.ActiveCfg = Debug|Any CPU
		{444CA197-FAC0-4989-A020-04C2CC4635EB}.Debug|Any CPU.Build.0 = Debug|Any CPU
		{444CA197-FAC0-4989-A020-04C2CC4635EB}.Release|Any CPU.ActiveCfg = Release|Any CPU
		{444CA197-FAC0-4989-A020-04C2CC4635EB}.Release|Any CPU.Build.0 = Release|Any CPU
	EndGlobalSection
	GlobalSection(NestedProjects) = preSolution
		{1132552D-C4C7-44C0-9796-7019053EF732} = {E0EA94BC-6F59-425F-AA05-47D77EA553D8}
		{3B117B56-176E-4987-BACC-6FD0055B4DDA} = {1132552D-C4C7-44C0-9796-7019053EF732}
		{CA856A55-D8E8-46F2-BEFE-BC62AAEFEEDC} = {E0EA94BC-6F59-425F-AA05-47D77EA553D8}
		{DEEBE6B8-C21B-47EC-8694-B06AFF0D1F0E} = {CA856A55-D8E8-46F2-BEFE-BC62AAEFEEDC}
		{AE91B611-8B57-498A-9BBE-4EA7BE4A643E} = {E0EA94BC-6F59-425F-AA05-47D77EA553D8}
		{ADC97003-6A51-4D9B-9425-6E2C40764EE6} = {AE91B611-8B57-498A-9BBE-4EA7BE4A643E}
		{D25E74A3-CE84-46D3-9144-D41776BED0D4} = {E0EA94BC-6F59-425F-AA05-47D77EA553D8}
		{A4FB8E22-B30E-40A6-9F06-D59E60FD0787} = {D25E74A3-CE84-46D3-9144-D41776BED0D4}
		{45929170-A25D-4945-B2F4-57F9E4909EB1} = {EC21E850-A2E8-4933-8907-6417DE78241A}
		{444CA197-FAC0-4989-A020-04C2CC4635EB} = {EC21E850-A2E8-4933-8907-6417DE78241A}
	EndGlobalSection
EndGlobal
